
Microsoft Visual Studio Solution File, Format Version 12.00
# Visual Studio Version 16
VisualStudioVersion = 16.0.32002.261
MinimumVisualStudioVersion = 10.0.40219.1
Project("{FAE04EC0-301F-11D3-BF4B-00C04F79EFBC}") = "TechnicalPortal", "FarmPortal\TechnicalPortal.csproj", "{D0D8CA87-9575-49BC-B09D-610C81DA22D6}"
	ProjectSection(ProjectDependencies) = postProject
		{4E92F276-5CFD-4ECA-8659-D0F109F4CCF2} = {4E92F276-5CFD-4ECA-8659-D0F109F4CCF2}
	EndProjectSection
EndProject
Project("{FAE04EC0-301F-11D3-BF4B-00C04F79EFBC}") = "TechnicalService", "FarmService\TechnicalService.csproj", "{4E92F276-5CFD-4ECA-8659-D0F109F4CCF2}"
EndProject
Global
	GlobalSection(SolutionConfigurationPlatforms) = preSolution
		Debug|Any CPU = Debug|Any CPU
		Release|Any CPU = Release|Any CPU
	EndGlobalSection
	GlobalSection(ProjectConfigurationPlatforms) = postSolution
		{D0D8CA87-9575-49BC-B09D-610C81DA22D6}.Debug|Any CPU.ActiveCfg = Debug|Any CPU
		{D0D8CA87-9575-49BC-B09D-610C81DA22D6}.Debug|Any CPU.Build.0 = Debug|Any CPU
		{D0D8CA87-9575-49BC-B09D-610C81DA22D6}.Release|Any CPU.ActiveCfg = Debug|Any CPU
		{D0D8CA87-9575-49BC-B09D-610C81DA22D6}.Release|Any CPU.Build.0 = Debug|Any CPU
		{4E92F276-5CFD-4ECA-8659-D0F109F4CCF2}.Debug|Any CPU.ActiveCfg = Debug|Any CPU
		{4E92F276-5CFD-4ECA-8659-D0F109F4CCF2}.Debug|Any CPU.Build.0 = Debug|Any CPU
		{4E92F276-5CFD-4ECA-8659-D0F109F4CCF2}.Release|Any CPU.ActiveCfg = Debug|Any CPU
		{4E92F276-5CFD-4ECA-8659-D0F109F4CCF2}.Release|Any CPU.Build.0 = Debug|Any CPU
	EndGlobalSection
	GlobalSection(SolutionProperties) = preSolution
		HideSolutionNode = FALSE
	EndGlobalSection
	GlobalSection(ExtensibilityGlobals) = postSolution
		SolutionGuid = {C884A579-6CDA-44D4-8A7A-1174E770CC7D}
	EndGlobalSection
EndGlobal
